
Microsoft Visual Studio Solution File, Format Version 12.00
# Visual Studio Version 17
VisualStudioVersion = 17.1.32319.34
MinimumVisualStudioVersion = 10.0.40219.1
Project("{FAE04EC0-301F-11D3-BF4B-00C04F79EFBC}") = "Webbtc", "Webbtc\Webbtc.csproj", "{DDC720B8-97F7-4EB9-83B1-1106D788D68A}"
EndProject
Global
	GlobalSection(SolutionConfigurationPlatforms) = preSolution
		Debug|Any CPU = Debug|Any CPU
		Release|Any CPU = Release|Any CPU
	EndGlobalSection
	GlobalSection(ProjectConfigurationPlatforms) = postSolution
		{DDC720B8-97F7-4EB9-83B1-1106D788D68A}.Debug|Any CPU.ActiveCfg = Debug|Any CPU
		{DDC720B8-97F7-4EB9-83B1-1106D788D68A}.Debug|Any CPU.Build.0 = Debug|Any CPU
		{DDC720B8-97F7-4EB9-83B1-1106D788D68A}.Release|Any CPU.ActiveCfg = Release|Any CPU
		{DDC720B8-97F7-4EB9-83B1-1106D788D68A}.Release|Any CPU.Build.0 = Release|Any CPU
	EndGlobalSection
	GlobalSection(SolutionProperties) = preSolution
		HideSolutionNode = FALSE
	EndGlobalSection
	GlobalSection(ExtensibilityGlobals) = postSolution
		SolutionGuid = {D614E328-D946-4CAE-A1D6-8961BADD7126}
	EndGlobalSection
EndGlobal
